{
  "name": "Backend",
  "lockfileVersion": 3,
  "requires": true,
  "packages": {
    "": {
      "dependencies": {
        "@portone/browser-sdk": "^0.0.24"
      }
    },
    "node_modules/@portone/browser-sdk": {
      "version": "0.0.24",
      "resolved": "https://registry.npmjs.org/@portone/browser-sdk/-/browser-sdk-0.0.24.tgz",
      "integrity": "sha512-LURahAlXDU/oTX+jdt67bR6ZoPgvDqGAAp42H3XYNd194hmqFqOIhTvTNW2vWOXdqXyxXgq5ogP085OA78Li/w=="
    }
  }
}
